
Microsoft Visual Studio Solution File, Format Version 12.00
# Visual Studio Version 17
VisualStudioVersion = 17.1.32210.238
MinimumVisualStudioVersion = 10.0.40219.1
Project("{9A19103F-16F7-4668-BE54-9A1E7A4F7556}") = "Data", "Data\Data.csproj", "{FEE5E30F-0E1D-4AC6-8275-DE2274618155}"
EndProject
Project("{9A19103F-16F7-4668-BE54-9A1E7A4F7556}") = "Logic", "Logic\Logic.csproj", "{0A669BBA-412C-4F52-8F8B-3D46CCBB6279}"
EndProject
Project("{9A19103F-16F7-4668-BE54-9A1E7A4F7556}") = "TestData", "TestData\TestData.csproj", "{1C0D2CF3-5CF6-48B9-9C91-03230008F8BA}"
EndProject
Project("{9A19103F-16F7-4668-BE54-9A1E7A4F7556}") = "TestLogic", "TestLogic\TestLogic.csproj", "{26D7B17A-6E22-41FB-826D-07352D9B6412}"
EndProject
Global
	GlobalSection(SolutionConfigurationPlatforms) = preSolution
		Debug|Any CPU = Debug|Any CPU
		Release|Any CPU = Release|Any CPU
	EndGlobalSection
	GlobalSection(ProjectConfigurationPlatforms) = postSolution
		{FEE5E30F-0E1D-4AC6-8275-DE2274618155}.Debug|Any CPU.ActiveCfg = Debug|Any CPU
		{FEE5E30F-0E1D-4AC6-8275-DE2274618155}.Debug|Any CPU.Build.0 = Debug|Any CPU
		{FEE5E30F-0E1D-4AC6-8275-DE2274618155}.Release|Any CPU.ActiveCfg = Release|Any CPU
		{FEE5E30F-0E1D-4AC6-8275-DE2274618155}.Release|Any CPU.Build.0 = Release|Any CPU
		{0A669BBA-412C-4F52-8F8B-3D46CCBB6279}.Debug|Any CPU.ActiveCfg = Debug|Any CPU
		{0A669BBA-412C-4F52-8F8B-3D46CCBB6279}.Debug|Any CPU.Build.0 = Debug|Any CPU
		{0A669BBA-412C-4F52-8F8B-3D46CCBB6279}.Release|Any CPU.ActiveCfg = Release|Any CPU
		{0A669BBA-412C-4F52-8F8B-3D46CCBB6279}.Release|Any CPU.Build.0 = Release|Any CPU
		{1C0D2CF3-5CF6-48B9-9C91-03230008F8BA}.Debug|Any CPU.ActiveCfg = Debug|Any CPU
		{1C0D2CF3-5CF6-48B9-9C91-03230008F8BA}.Debug|Any CPU.Build.0 = Debug|Any CPU
		{1C0D2CF3-5CF6-48B9-9C91-03230008F8BA}.Release|Any CPU.ActiveCfg = Release|Any CPU
		{1C0D2CF3-5CF6-48B9-9C91-03230008F8BA}.Release|Any CPU.Build.0 = Release|Any CPU
		{26D7B17A-6E22-41FB-826D-07352D9B6412}.Debug|Any CPU.ActiveCfg = Debug|Any CPU
		{26D7B17A-6E22-41FB-826D-07352D9B6412}.Debug|Any CPU.Build.0 = Debug|Any CPU
		{26D7B17A-6E22-41FB-826D-07352D9B6412}.Release|Any CPU.ActiveCfg = Release|Any CPU
		{26D7B17A-6E22-41FB-826D-07352D9B6412}.Release|Any CPU.Build.0 = Release|Any CPU
	EndGlobalSection
	GlobalSection(SolutionProperties) = preSolution
		HideSolutionNode = FALSE
	EndGlobalSection
	GlobalSection(ExtensibilityGlobals) = postSolution
		SolutionGuid = {1286E943-BEDE-466B-8C73-F05D45A796FC}
	EndGlobalSection
EndGlobal
